
Microsoft Visual Studio Solution File, Format Version 12.00
# Visual Studio Version 16
VisualStudioVersion = 16.0.30011.22
MinimumVisualStudioVersion = 10.0.40219.1
Project("{FAE04EC0-301F-11D3-BF4B-00C04F79EFBC}") = "dotimo.Data", "dotimo.Data\dotimo.Data.csproj", "{9291FA03-185B-4F9A-AECE-22A2053289D4}"
EndProject
Project("{FAE04EC0-301F-11D3-BF4B-00C04F79EFBC}") = "dotimo.Business", "dotimo.Business\dotimo.Business.csproj", "{0F295B3E-E287-4356-9087-1FE09F66D25A}"
EndProject
Project("{FAE04EC0-301F-11D3-BF4B-00C04F79EFBC}") = "dotimo.Core", "dotimo.Core\dotimo.Core.csproj", "{5910C8FE-928F-4118-800E-41B61F566E42}"
EndProject
Project("{FAE04EC0-301F-11D3-BF4B-00C04F79EFBC}") = "dotimo.Application", "dotimo.Application\dotimo.Application.csproj", "{9FC8EB70-E8C3-42BE-84D8-1AB31D984167}"
EndProject
Global
	GlobalSection(SolutionConfigurationPlatforms) = preSolution
		Debug|Any CPU = Debug|Any CPU
		Release|Any CPU = Release|Any CPU
	EndGlobalSection
	GlobalSection(ProjectConfigurationPlatforms) = postSolution
		{9291FA03-185B-4F9A-AECE-22A2053289D4}.Debug|Any CPU.ActiveCfg = Debug|Any CPU
		{9291FA03-185B-4F9A-AECE-22A2053289D4}.Debug|Any CPU.Build.0 = Debug|Any CPU
		{9291FA03-185B-4F9A-AECE-22A2053289D4}.Release|Any CPU.ActiveCfg = Release|Any CPU
		{9291FA03-185B-4F9A-AECE-22A2053289D4}.Release|Any CPU.Build.0 = Release|Any CPU
		{0F295B3E-E287-4356-9087-1FE09F66D25A}.Debug|Any CPU.ActiveCfg = Debug|Any CPU
		{0F295B3E-E287-4356-9087-1FE09F66D25A}.Debug|Any CPU.Build.0 = Debug|Any CPU
		{0F295B3E-E287-4356-9087-1FE09F66D25A}.Release|Any CPU.ActiveCfg = Release|Any CPU
		{0F295B3E-E287-4356-9087-1FE09F66D25A}.Release|Any CPU.Build.0 = Release|Any CPU
		{5910C8FE-928F-4118-800E-41B61F566E42}.Debug|Any CPU.ActiveCfg = Debug|Any CPU
		{5910C8FE-928F-4118-800E-41B61F566E42}.Debug|Any CPU.Build.0 = Debug|Any CPU
		{5910C8FE-928F-4118-800E-41B61F566E42}.Release|Any CPU.ActiveCfg = Release|Any CPU
		{5910C8FE-928F-4118-800E-41B61F566E42}.Release|Any CPU.Build.0 = Release|Any CPU
		{9FC8EB70-E8C3-42BE-84D8-1AB31D984167}.Debug|Any CPU.ActiveCfg = Debug|Any CPU
		{9FC8EB70-E8C3-42BE-84D8-1AB31D984167}.Debug|Any CPU.Build.0 = Debug|Any CPU
		{9FC8EB70-E8C3-42BE-84D8-1AB31D984167}.Release|Any CPU.ActiveCfg = Release|Any CPU
		{9FC8EB70-E8C3-42BE-84D8-1AB31D984167}.Release|Any CPU.Build.0 = Release|Any CPU
	EndGlobalSection
	GlobalSection(SolutionProperties) = preSolution
		HideSolutionNode = FALSE
	EndGlobalSection
	GlobalSection(ExtensibilityGlobals) = postSolution
		SolutionGuid = {89E6EB65-C7AF-482C-9738-0216ED7DF73E}
	EndGlobalSection
EndGlobal
